
Microsoft Visual Studio Solution File, Format Version 12.00
# Visual Studio Version 17
VisualStudioVersion = 17.4.33213.308
MinimumVisualStudioVersion = 10.0.40219.1
Project("{9A19103F-16F7-4668-BE54-9A1E7A4F7556}") = "Pokemon game", "oef1\Pokemon game.csproj", "{83813A3B-1B19-4566-8A27-1A2DDD632F43}"
EndProject
Project("{9A19103F-16F7-4668-BE54-9A1E7A4F7556}") = "Pokemon Tester", "Pokemon Tester\Pokemon Tester.csproj", "{E034399A-BB7D-481C-A4DC-5C24429D42EE}"
EndProject
Global
	GlobalSection(SolutionConfigurationPlatforms) = preSolution
		Debug|Any CPU = Debug|Any CPU
		Release|Any CPU = Release|Any CPU
	EndGlobalSection
	GlobalSection(ProjectConfigurationPlatforms) = postSolution
		{83813A3B-1B19-4566-8A27-1A2DDD632F43}.Debug|Any CPU.ActiveCfg = Debug|Any CPU
		{83813A3B-1B19-4566-8A27-1A2DDD632F43}.Debug|Any CPU.Build.0 = Debug|Any CPU
		{83813A3B-1B19-4566-8A27-1A2DDD632F43}.Release|Any CPU.ActiveCfg = Release|Any CPU
		{83813A3B-1B19-4566-8A27-1A2DDD632F43}.Release|Any CPU.Build.0 = Release|Any CPU
		{E034399A-BB7D-481C-A4DC-5C24429D42EE}.Debug|Any CPU.ActiveCfg = Debug|Any CPU
		{E034399A-BB7D-481C-A4DC-5C24429D42EE}.Debug|Any CPU.Build.0 = Debug|Any CPU
		{E034399A-BB7D-481C-A4DC-5C24429D42EE}.Release|Any CPU.ActiveCfg = Release|Any CPU
		{E034399A-BB7D-481C-A4DC-5C24429D42EE}.Release|Any CPU.Build.0 = Release|Any CPU
	EndGlobalSection
	GlobalSection(SolutionProperties) = preSolution
		HideSolutionNode = FALSE
	EndGlobalSection
	GlobalSection(ExtensibilityGlobals) = postSolution
		SolutionGuid = {BF4FC0D9-086D-4B14-BE93-CB2BF3DDC0B7}
	EndGlobalSection
EndGlobal
