
Microsoft Visual Studio Solution File, Format Version 12.00
# Visual Studio Version 17
VisualStudioVersion = 17.4.33213.308
MinimumVisualStudioVersion = 10.0.40219.1
Project("{FAE04EC0-301F-11D3-BF4B-00C04F79EFBC}") = "ziekenhuis", "ziekenhuis\ziekenhuis.csproj", "{5B7443D6-A467-4BFE-848A-C19AEE8C6739}"
EndProject
Global
	GlobalSection(SolutionConfigurationPlatforms) = preSolution
		Debug|Any CPU = Debug|Any CPU
		Release|Any CPU = Release|Any CPU
	EndGlobalSection
	GlobalSection(ProjectConfigurationPlatforms) = postSolution
		{5B7443D6-A467-4BFE-848A-C19AEE8C6739}.Debug|Any CPU.ActiveCfg = Debug|Any CPU
		{5B7443D6-A467-4BFE-848A-C19AEE8C6739}.Debug|Any CPU.Build.0 = Debug|Any CPU
		{5B7443D6-A467-4BFE-848A-C19AEE8C6739}.Release|Any CPU.ActiveCfg = Release|Any CPU
		{5B7443D6-A467-4BFE-848A-C19AEE8C6739}.Release|Any CPU.Build.0 = Release|Any CPU
	EndGlobalSection
	GlobalSection(SolutionProperties) = preSolution
		HideSolutionNode = FALSE
	EndGlobalSection
	GlobalSection(ExtensibilityGlobals) = postSolution
		SolutionGuid = {4E395B26-616D-4F49-9160-826B380BFCEE}
	EndGlobalSection
EndGlobal
